
Microsoft Visual Studio Solution File, Format Version 12.00
# Visual Studio 15
VisualStudioVersion = 15.0.28307.960
MinimumVisualStudioVersion = 10.0.40219.1
Project("{FAE04EC0-301F-11D3-BF4B-00C04F79EFBC}") = "FinalProject", "FinalProject\FinalProject.csproj", "{3EB8411B-C6CD-4B4A-B93F-50D6BE1DB805}"
	ProjectSection(ProjectDependencies) = postProject
		{E485E765-CCF8-44BE-ADD2-BD5E0016CCCA} = {E485E765-CCF8-44BE-ADD2-BD5E0016CCCA}
		{6CDA406D-4A32-4653-9C72-05CB12229B01} = {6CDA406D-4A32-4653-9C72-05CB12229B01}
		{61CAF573-7707-45BB-B0E4-1866BBA6A318} = {61CAF573-7707-45BB-B0E4-1866BBA6A318}
	EndProjectSection
EndProject
Project("{FAE04EC0-301F-11D3-BF4B-00C04F79EFBC}") = "WebService", "WebService\WebService.csproj", "{E485E765-CCF8-44BE-ADD2-BD5E0016CCCA}"
EndProject
Project("{FAE04EC0-301F-11D3-BF4B-00C04F79EFBC}") = "WebApplication1", "WebApplication1\WebApplication1.csproj", "{6CDA406D-4A32-4653-9C72-05CB12229B01}"
EndProject
Project("{FAE04EC0-301F-11D3-BF4B-00C04F79EFBC}") = "WebApplication2", "WebApplication2\WebApplication2.csproj", "{61CAF573-7707-45BB-B0E4-1866BBA6A318}"
EndProject
Global
	GlobalSection(SolutionConfigurationPlatforms) = preSolution
		Debug|Any CPU = Debug|Any CPU
		Debug|ARM = Debug|ARM
		Debug|ARM64 = Debug|ARM64
		Debug|x64 = Debug|x64
		Debug|x86 = Debug|x86
		Release|Any CPU = Release|Any CPU
		Release|ARM = Release|ARM
		Release|ARM64 = Release|ARM64
		Release|x64 = Release|x64
		Release|x86 = Release|x86
	EndGlobalSection
	GlobalSection(ProjectConfigurationPlatforms) = postSolution
		{3EB8411B-C6CD-4B4A-B93F-50D6BE1DB805}.Debug|Any CPU.ActiveCfg = Debug|x86
		{3EB8411B-C6CD-4B4A-B93F-50D6BE1DB805}.Debug|Any CPU.Build.0 = Debug|x86
		{3EB8411B-C6CD-4B4A-B93F-50D6BE1DB805}.Debug|Any CPU.Deploy.0 = Debug|x86
		{3EB8411B-C6CD-4B4A-B93F-50D6BE1DB805}.Debug|ARM.ActiveCfg = Debug|ARM
		{3EB8411B-C6CD-4B4A-B93F-50D6BE1DB805}.Debug|ARM.Build.0 = Debug|ARM
		{3EB8411B-C6CD-4B4A-B93F-50D6BE1DB805}.Debug|ARM.Deploy.0 = Debug|ARM
		{3EB8411B-C6CD-4B4A-B93F-50D6BE1DB805}.Debug|ARM64.ActiveCfg = Debug|ARM64
		{3EB8411B-C6CD-4B4A-B93F-50D6BE1DB805}.Debug|ARM64.Build.0 = Debug|ARM64
		{3EB8411B-C6CD-4B4A-B93F-50D6BE1DB805}.Debug|ARM64.Deploy.0 = Debug|ARM64
		{3EB8411B-C6CD-4B4A-B93F-50D6BE1DB805}.Debug|x64.ActiveCfg = Debug|x64
		{3EB8411B-C6CD-4B4A-B93F-50D6BE1DB805}.Debug|x64.Build.0 = Debug|x64
		{3EB8411B-C6CD-4B4A-B93F-50D6BE1DB805}.Debug|x64.Deploy.0 = Debug|x64
		{3EB8411B-C6CD-4B4A-B93F-50D6BE1DB805}.Debug|x86.ActiveCfg = Debug|x86
		{3EB8411B-C6CD-4B4A-B93F-50D6BE1DB805}.Debug|x86.Build.0 = Debug|x86
		{3EB8411B-C6CD-4B4A-B93F-50D6BE1DB805}.Debug|x86.Deploy.0 = Debug|x86
		{3EB8411B-C6CD-4B4A-B93F-50D6BE1DB805}.Release|Any CPU.ActiveCfg = Release|x86
		{3EB8411B-C6CD-4B4A-B93F-50D6BE1DB805}.Release|ARM.ActiveCfg = Release|ARM
		{3EB8411B-C6CD-4B4A-B93F-50D6BE1DB805}.Release|ARM.Build.0 = Release|ARM
		{3EB8411B-C6CD-4B4A-B93F-50D6BE1DB805}.Release|ARM.Deploy.0 = Release|ARM
		{3EB8411B-C6CD-4B4A-B93F-50D6BE1DB805}.Release|ARM64.ActiveCfg = Release|ARM64
		{3EB8411B-C6CD-4B4A-B93F-50D6BE1DB805}.Release|ARM64.Build.0 = Release|ARM64
		{3EB8411B-C6CD-4B4A-B93F-50D6BE1DB805}.Release|ARM64.Deploy.0 = Release|ARM64
		{3EB8411B-C6CD-4B4A-B93F-50D6BE1DB805}.Release|x64.ActiveCfg = Release|x64
		{3EB8411B-C6CD-4B4A-B93F-50D6BE1DB805}.Release|x64.Build.0 = Release|x64
		{3EB8411B-C6CD-4B4A-B93F-50D6BE1DB805}.Release|x64.Deploy.0 = Release|x64
		{3EB8411B-C6CD-4B4A-B93F-50D6BE1DB805}.Release|x86.ActiveCfg = Release|x86
		{3EB8411B-C6CD-4B4A-B93F-50D6BE1DB805}.Release|x86.Build.0 = Release|x86
		{3EB8411B-C6CD-4B4A-B93F-50D6BE1DB805}.Release|x86.Deploy.0 = Release|x86
		{E485E765-CCF8-44BE-ADD2-BD5E0016CCCA}.Debug|Any CPU.ActiveCfg = Debug|Any CPU
		{E485E765-CCF8-44BE-ADD2-BD5E0016CCCA}.Debug|Any CPU.Build.0 = Debug|Any CPU
		{E485E765-CCF8-44BE-ADD2-BD5E0016CCCA}.Debug|ARM.ActiveCfg = Debug|Any CPU
		{E485E765-CCF8-44BE-ADD2-BD5E0016CCCA}.Debug|ARM.Build.0 = Debug|Any CPU
		{E485E765-CCF8-44BE-ADD2-BD5E0016CCCA}.Debug|ARM64.ActiveCfg = Debug|Any CPU
		{E485E765-CCF8-44BE-ADD2-BD5E0016CCCA}.Debug|ARM64.Build.0 = Debug|Any CPU
		{E485E765-CCF8-44BE-ADD2-BD5E0016CCCA}.Debug|x64.ActiveCfg = Debug|Any CPU
		{E485E765-CCF8-44BE-ADD2-BD5E0016CCCA}.Debug|x64.Build.0 = Debug|Any CPU
		{E485E765-CCF8-44BE-ADD2-BD5E0016CCCA}.Debug|x86.ActiveCfg = Debug|Any CPU
		{E485E765-CCF8-44BE-ADD2-BD5E0016CCCA}.Debug|x86.Build.0 = Debug|Any CPU
		{E485E765-CCF8-44BE-ADD2-BD5E0016CCCA}.Release|Any CPU.ActiveCfg = Release|Any CPU
		{E485E765-CCF8-44BE-ADD2-BD5E0016CCCA}.Release|Any CPU.Build.0 = Release|Any CPU
		{E485E765-CCF8-44BE-ADD2-BD5E0016CCCA}.Release|ARM.ActiveCfg = Release|Any CPU
		{E485E765-CCF8-44BE-ADD2-BD5E0016CCCA}.Release|ARM.Build.0 = Release|Any CPU
		{E485E765-CCF8-44BE-ADD2-BD5E0016CCCA}.Release|ARM64.ActiveCfg = Release|Any CPU
		{E485E765-CCF8-44BE-ADD2-BD5E0016CCCA}.Release|ARM64.Build.0 = Release|Any CPU
		{E485E765-CCF8-44BE-ADD2-BD5E0016CCCA}.Release|x64.ActiveCfg = Release|Any CPU
		{E485E765-CCF8-44BE-ADD2-BD5E0016CCCA}.Release|x64.Build.0 = Release|Any CPU
		{E485E765-CCF8-44BE-ADD2-BD5E0016CCCA}.Release|x86.ActiveCfg = Release|Any CPU
		{E485E765-CCF8-44BE-ADD2-BD5E0016CCCA}.Release|x86.Build.0 = Release|Any CPU
		{6CDA406D-4A32-4653-9C72-05CB12229B01}.Debug|Any CPU.ActiveCfg = Debug|Any CPU
		{6CDA406D-4A32-4653-9C72-05CB12229B01}.Debug|Any CPU.Build.0 = Debug|Any CPU
		{6CDA406D-4A32-4653-9C72-05CB12229B01}.Debug|ARM.ActiveCfg = Debug|Any CPU
		{6CDA406D-4A32-4653-9C72-05CB12229B01}.Debug|ARM.Build.0 = Debug|Any CPU
		{6CDA406D-4A32-4653-9C72-05CB12229B01}.Debug|ARM64.ActiveCfg = Debug|Any CPU
		{6CDA406D-4A32-4653-9C72-05CB12229B01}.Debug|ARM64.Build.0 = Debug|Any CPU
		{6CDA406D-4A32-4653-9C72-05CB12229B01}.Debug|x64.ActiveCfg = Debug|Any CPU
		{6CDA406D-4A32-4653-9C72-05CB12229B01}.Debug|x64.Build.0 = Debug|Any CPU
		{6CDA406D-4A32-4653-9C72-05CB12229B01}.Debug|x86.ActiveCfg = Debug|Any CPU
		{6CDA406D-4A32-4653-9C72-05CB12229B01}.Debug|x86.Build.0 = Debug|Any CPU
		{6CDA406D-4A32-4653-9C72-05CB12229B01}.Release|Any CPU.ActiveCfg = Release|Any CPU
		{6CDA406D-4A32-4653-9C72-05CB12229B01}.Release|Any CPU.Build.0 = Release|Any CPU
		{6CDA406D-4A32-4653-9C72-05CB12229B01}.Release|ARM.ActiveCfg = Release|Any CPU
		{6CDA406D-4A32-4653-9C72-05CB12229B01}.Release|ARM.Build.0 = Release|Any CPU
		{6CDA406D-4A32-4653-9C72-05CB12229B01}.Release|ARM64.ActiveCfg = Release|Any CPU
		{6CDA406D-4A32-4653-9C72-05CB12229B01}.Release|ARM64.Build.0 = Release|Any CPU
		{6CDA406D-4A32-4653-9C72-05CB12229B01}.Release|x64.ActiveCfg = Release|Any CPU
		{6CDA406D-4A32-4653-9C72-05CB12229B01}.Release|x64.Build.0 = Release|Any CPU
		{6CDA406D-4A32-4653-9C72-05CB12229B01}.Release|x86.ActiveCfg = Release|Any CPU
		{6CDA406D-4A32-4653-9C72-05CB12229B01}.Release|x86.Build.0 = Release|Any CPU
		{61CAF573-7707-45BB-B0E4-1866BBA6A318}.Debug|Any CPU.ActiveCfg = Debug|Any CPU
		{61CAF573-7707-45BB-B0E4-1866BBA6A318}.Debug|Any CPU.Build.0 = Debug|Any CPU
		{61CAF573-7707-45BB-B0E4-1866BBA6A318}.Debug|ARM.ActiveCfg = Debug|Any CPU
		{61CAF573-7707-45BB-B0E4-1866BBA6A318}.Debug|ARM.Build.0 = Debug|Any CPU
		{61CAF573-7707-45BB-B0E4-1866BBA6A318}.Debug|ARM64.ActiveCfg = Debug|Any CPU
		{61CAF573-7707-45BB-B0E4-1866BBA6A318}.Debug|ARM64.Build.0 = Debug|Any CPU
		{61CAF573-7707-45BB-B0E4-1866BBA6A318}.Debug|x64.ActiveCfg = Debug|Any CPU
		{61CAF573-7707-45BB-B0E4-1866BBA6A318}.Debug|x64.Build.0 = Debug|Any CPU
		{61CAF573-7707-45BB-B0E4-1866BBA6A318}.Debug|x86.ActiveCfg = Debug|Any CPU
		{61CAF573-7707-45BB-B0E4-1866BBA6A318}.Debug|x86.Build.0 = Debug|Any CPU
		{61CAF573-7707-45BB-B0E4-1866BBA6A318}.Release|Any CPU.ActiveCfg = Release|Any CPU
		{61CAF573-7707-45BB-B0E4-1866BBA6A318}.Release|Any CPU.Build.0 = Release|Any CPU
		{61CAF573-7707-45BB-B0E4-1866BBA6A318}.Release|ARM.ActiveCfg = Release|Any CPU
		{61CAF573-7707-45BB-B0E4-1866BBA6A318}.Release|ARM.Build.0 = Release|Any CPU
		{61CAF573-7707-45BB-B0E4-1866BBA6A318}.Release|ARM64.ActiveCfg = Release|Any CPU
		{61CAF573-7707-45BB-B0E4-1866BBA6A318}.Release|ARM64.Build.0 = Release|Any CPU
		{61CAF573-7707-45BB-B0E4-1866BBA6A318}.Release|x64.ActiveCfg = Release|Any CPU
		{61CAF573-7707-45BB-B0E4-1866BBA6A318}.Release|x64.Build.0 = Release|Any CPU
		{61CAF573-7707-45BB-B0E4-1866BBA6A318}.Release|x86.ActiveCfg = Release|Any CPU
		{61CAF573-7707-45BB-B0E4-1866BBA6A318}.Release|x86.Build.0 = Release|Any CPU
	EndGlobalSection
	GlobalSection(SolutionProperties) = preSolution
		HideSolutionNode = FALSE
	EndGlobalSection
	GlobalSection(ExtensibilityGlobals) = postSolution
		SolutionGuid = {BD993F80-3466-4114-8807-9FE7D7455779}
	EndGlobalSection
EndGlobal
